
Microsoft Visual Studio Solution File, Format Version 12.00
# Visual Studio Version 16
VisualStudioVersion = 16.0.30717.126
MinimumVisualStudioVersion = 10.0.40219.1
Project("{9A19103F-16F7-4668-BE54-9A1E7A4F7556}") = "DiscountCalculator", "DiscountCalculator\DiscountCalculator.csproj", "{12FBA79D-564F-4D28-A452-4457C4FA3FB0}"
EndProject
Project("{FAE04EC0-301F-11D3-BF4B-00C04F79EFBC}") = "RuleEngine", "RuleEngine\RuleEngine.csproj", "{8146A622-2018-41C0-95C1-FC887EF702DD}"
EndProject
Project("{FAE04EC0-301F-11D3-BF4B-00C04F79EFBC}") = "RuleEngineTest", "RuleEngineTest\RuleEngineTest.csproj", "{A853273F-AF7B-4DF8-8CF4-BB2AC10964D8}"
EndProject
Global
	GlobalSection(SolutionConfigurationPlatforms) = preSolution
		Debug|Any CPU = Debug|Any CPU
		Release|Any CPU = Release|Any CPU
	EndGlobalSection
	GlobalSection(ProjectConfigurationPlatforms) = postSolution
		{12FBA79D-564F-4D28-A452-4457C4FA3FB0}.Debug|Any CPU.ActiveCfg = Debug|Any CPU
		{12FBA79D-564F-4D28-A452-4457C4FA3FB0}.Debug|Any CPU.Build.0 = Debug|Any CPU
		{12FBA79D-564F-4D28-A452-4457C4FA3FB0}.Release|Any CPU.ActiveCfg = Release|Any CPU
		{12FBA79D-564F-4D28-A452-4457C4FA3FB0}.Release|Any CPU.Build.0 = Release|Any CPU
		{8146A622-2018-41C0-95C1-FC887EF702DD}.Debug|Any CPU.ActiveCfg = Debug|Any CPU
		{8146A622-2018-41C0-95C1-FC887EF702DD}.Debug|Any CPU.Build.0 = Debug|Any CPU
		{8146A622-2018-41C0-95C1-FC887EF702DD}.Release|Any CPU.ActiveCfg = Release|Any CPU
		{8146A622-2018-41C0-95C1-FC887EF702DD}.Release|Any CPU.Build.0 = Release|Any CPU
		{A853273F-AF7B-4DF8-8CF4-BB2AC10964D8}.Debug|Any CPU.ActiveCfg = Debug|Any CPU
		{A853273F-AF7B-4DF8-8CF4-BB2AC10964D8}.Debug|Any CPU.Build.0 = Debug|Any CPU
		{A853273F-AF7B-4DF8-8CF4-BB2AC10964D8}.Release|Any CPU.ActiveCfg = Release|Any CPU
		{A853273F-AF7B-4DF8-8CF4-BB2AC10964D8}.Release|Any CPU.Build.0 = Release|Any CPU
	EndGlobalSection
	GlobalSection(SolutionProperties) = preSolution
		HideSolutionNode = FALSE
	EndGlobalSection
	GlobalSection(ExtensibilityGlobals) = postSolution
		SolutionGuid = {B6DB8A24-62F6-4D0C-902E-960053623514}
	EndGlobalSection
EndGlobal
